// !$*UTF8*$!
{
	archiveVersion = 1;
	classes = {
	};
	objectVersion = 55;
	objects = {

/* Begin PBXBuildFile section */
		2FA780322E69B6DA00285C6C /* similarwordApp.swift in Sources */ = {isa = PBXBuildFile; fileRef = 2FA780312E69B6DA00285C6C /* similarwordApp.swift */; };
		2FA780342E69B6DA00285C6C /* ContentView.swift in Sources */ = {isa = PBXBuildFile; fileRef = 2FA780332E69B6DA00285C6C /* ContentView.swift */; };
		2FA780362E69B6DC00285C6C /* Assets.xcassets in Resources */ = {isa = PBXBuildFile; fileRef = 2FA780352E69B6DC00285C6C /* Assets.xcassets */; };
		2FA780392E69B6DC00285C6C /* Preview Assets.xcassets in Resources */ = {isa = PBXBuildFile; fileRef = 2FA780382E69B6DC00285C6C /* Preview Assets.xcassets */; };
		2FA780432E69B6DC00285C6C /* similarwordTests.swift in Sources */ = {isa = PBXBuildFile; fileRef = 2FA780422E69B6DC00285C6C /* similarwordTests.swift */; };
		2FA7804D2E69B6DC00285C6C /* similarwordUITests.swift in Sources */ = {isa = PBXBuildFile; fileRef = 2FA7804C2E69B6DC00285C6C /* similarwordUITests.swift */; };
		2FA7804F2E69B6DC00285C6C /* similarwordUITestsLaunchTests.swift in Sources */ = {isa = PBXBuildFile; fileRef = 2FA7804E2E69B6DC00285C6C /* similarwordUITestsLaunchTests.swift */; };
		2FA7805C2E69B72B00285C6C /* ch.bin in Resources */ = {isa = PBXBuildFile; fileRef = 2FA7805B2E69B72B00285C6C /* ch.bin */; };
		2FA7805E2E69B74700285C6C /* speech in Resources */ = {isa = PBXBuildFile; fileRef = 2FA7805D2E69B74700285C6C /* speech */; };
/* End PBXBuildFile section */

/* Begin PBXContainerItemProxy section */
		2FA7803F2E69B6DC00285C6C /* PBXContainerItemProxy */ = {
			isa = PBXContainerItemProxy;
			containerPortal = 2FA780262E69B6DA00285C6C /* Project object */;
			proxyType = 1;
			remoteGlobalIDString = 2FA7802D2E69B6DA00285C6C;
			remoteInfo = similarword;
		};
		2FA780492E69B6DC00285C6C /* PBXContainerItemProxy */ = {
			isa = PBXContainerItemProxy;
			containerPortal = 2FA780262E69B6DA00285C6C /* Project object */;
			proxyType = 1;
			remoteGlobalIDString = 2FA7802D2E69B6DA00285C6C;
			remoteInfo = similarword;
		};
/* End PBXContainerItemProxy section */

/* Begin PBXFileReference section */
		2FA7802E2E69B6DA00285C6C /* similarword.app */ = {isa = PBXFileReference; explicitFileType = wrapper.application; includeInIndex = 0; path = similarword.app; sourceTree = BUILT_PRODUCTS_DIR; };
		2FA780312E69B6DA00285C6C /* similarwordApp.swift */ = {isa = PBXFileReference; lastKnownFileType = sourcecode.swift; path = similarwordApp.swift; sourceTree = "<group>"; };
		2FA780332E69B6DA00285C6C /* ContentView.swift */ = {isa = PBXFileReference; lastKnownFileType = sourcecode.swift; path = ContentView.swift; sourceTree = "<group>"; };
		2FA780352E69B6DC00285C6C /* Assets.xcassets */ = {isa = PBXFileReference; lastKnownFileType = folder.assetcatalog; path = Assets.xcassets; sourceTree = "<group>"; };
		2FA780382E69B6DC00285C6C /* Preview Assets.xcassets */ = {isa = PBXFileReference; lastKnownFileType = folder.assetcatalog; path = "Preview Assets.xcassets"; sourceTree = "<group>"; };
		2FA7803E2E69B6DC00285C6C /* similarwordTests.xctest */ = {isa = PBXFileReference; explicitFileType = wrapper.cfbundle; includeInIndex = 0; path = similarwordTests.xctest; sourceTree = BUILT_PRODUCTS_DIR; };
		2FA780422E69B6DC00285C6C /* similarwordTests.swift */ = {isa = PBXFileReference; lastKnownFileType = sourcecode.swift; path = similarwordTests.swift; sourceTree = "<group>"; };
		2FA780482E69B6DC00285C6C /* similarwordUITests.xctest */ = {isa = PBXFileReference; explicitFileType = wrapper.cfbundle; includeInIndex = 0; path = similarwordUITests.xctest; sourceTree = BUILT_PRODUCTS_DIR; };
		2FA7804C2E69B6DC00285C6C /* similarwordUITests.swift */ = {isa = PBXFileReference; lastKnownFileType = sourcecode.swift; path = similarwordUITests.swift; sourceTree = "<group>"; };
		2FA7804E2E69B6DC00285C6C /* similarwordUITestsLaunchTests.swift */ = {isa = PBXFileReference; lastKnownFileType = sourcecode.swift; path = similarwordUITestsLaunchTests.swift; sourceTree = "<group>"; };
		2FA7805B2E69B72B00285C6C /* ch.bin */ = {isa = PBXFileReference; lastKnownFileType = archive.macbinary; path = ch.bin; sourceTree = "<group>"; };
		2FA7805D2E69B74700285C6C /* speech */ = {isa = PBXFileReference; lastKnownFileType = folder; path = speech; sourceTree = "<group>"; };
/* End PBXFileReference section */

/* Begin PBXFrameworksBuildPhase section */
		2FA7802B2E69B6DA00285C6C /* Frameworks */ = {
			isa = PBXFrameworksBuildPhase;
			buildActionMask = 2147483647;
			files = (
			);
			runOnlyForDeploymentPostprocessing = 0;
		};
		2FA7803B2E69B6DC00285C6C /* Frameworks */ = {
			isa = PBXFrameworksBuildPhase;
			buildActionMask = 2147483647;
			files = (
			);
			runOnlyForDeploymentPostprocessing = 0;
		};
		2FA780452E69B6DC00285C6C /* Frameworks */ = {
			isa = PBXFrameworksBuildPhase;
			buildActionMask = 2147483647;
			files = (
			);
			runOnlyForDeploymentPostprocessing = 0;
		};
/* End PBXFrameworksBuildPhase section */

/* Begin PBXGroup section */
		2FA780252E69B6DA00285C6C = {
			isa = PBXGroup;
			children = (
				2FA780302E69B6DA00285C6C /* similarword */,
				2FA780412E69B6DC00285C6C /* similarwordTests */,
				2FA7804B2E69B6DC00285C6C /* similarwordUITests */,
				2FA7802F2E69B6DA00285C6C /* Products */,
			);
			sourceTree = "<group>";
		};
		2FA7802F2E69B6DA00285C6C /* Products */ = {
			isa = PBXGroup;
			children = (
				2FA7802E2E69B6DA00285C6C /* similarword.app */,
				2FA7803E2E69B6DC00285C6C /* similarwordTests.xctest */,
				2FA780482E69B6DC00285C6C /* similarwordUITests.xctest */,
			);
			name = Products;
			sourceTree = "<group>";
		};
		2FA780302E69B6DA00285C6C /* similarword */ = {
			isa = PBXGroup;
			children = (
				2FA780312E69B6DA00285C6C /* similarwordApp.swift */,
				2FA780332E69B6DA00285C6C /* ContentView.swift */,
				2FA7805B2E69B72B00285C6C /* ch.bin */,
				2FA7805D2E69B74700285C6C /* speech */,
				2FA780352E69B6DC00285C6C /* Assets.xcassets */,
				2FA780372E69B6DC00285C6C /* Preview Content */,
			);
			path = similarword;
			sourceTree = "<group>";
		};
		2FA780372E69B6DC00285C6C /* Preview Content */ = {
			isa = PBXGroup;
			children = (
				2FA780382E69B6DC00285C6C /* Preview Assets.xcassets */,
			);
			path = "Preview Content";
			sourceTree = "<group>";
		};
		2FA780412E69B6DC00285C6C /* similarwordTests */ = {
			isa = PBXGroup;
			children = (
				2FA780422E69B6DC00285C6C /* similarwordTests.swift */,
			);
			path = similarwordTests;
			sourceTree = "<group>";
		};
		2FA7804B2E69B6DC00285C6C /* similarwordUITests */ = {
			isa = PBXGroup;
			children = (
				2FA7804C2E69B6DC00285C6C /* similarwordUITests.swift */,
				2FA7804E2E69B6DC00285C6C /* similarwordUITestsLaunchTests.swift */,
			);
			path = similarwordUITests;
			sourceTree = "<group>";
		};
/* End PBXGroup section */

/* Begin PBXNativeTarget section */
		2FA7802D2E69B6DA00285C6C /* similarword */ = {
			isa = PBXNativeTarget;
			buildConfigurationList = 2FA780522E69B6DC00285C6C /* Build configuration list for PBXNativeTarget "similarword" */;
			buildPhases = (
				2FA7802A2E69B6DA00285C6C /* Sources */,
				2FA7802B2E69B6DA00285C6C /* Frameworks */,
				2FA7802C2E69B6DA00285C6C /* Resources */,
			);
			buildRules = (
			);
			dependencies = (
			);
			name = similarword;
			productName = similarword;
			productReference = 2FA7802E2E69B6DA00285C6C /* similarword.app */;
			productType = "com.apple.product-type.application";
		};
		2FA7803D2E69B6DC00285C6C /* similarwordTests */ = {
			isa = PBXNativeTarget;
			buildConfigurationList = 2FA780552E69B6DC00285C6C /* Build configuration list for PBXNativeTarget "similarwordTests" */;
			buildPhases = (
				2FA7803A2E69B6DC00285C6C /* Sources */,
				2FA7803B2E69B6DC00285C6C /* Frameworks */,
				2FA7803C2E69B6DC00285C6C /* Resources */,
			);
			buildRules = (
			);
			dependencies = (
				2FA780402E69B6DC00285C6C /* PBXTargetDependency */,
			);
			name = similarwordTests;
			productName = similarwordTests;
			productReference = 2FA7803E2E69B6DC00285C6C /* similarwordTests.xctest */;
			productType = "com.apple.product-type.bundle.unit-test";
		};
		2FA780472E69B6DC00285C6C /* similarwordUITests */ = {
			isa = PBXNativeTarget;
			buildConfigurationList = 2FA780582E69B6DC00285C6C /* Build configuration list for PBXNativeTarget "similarwordUITests" */;
			buildPhases = (
				2FA780442E69B6DC00285C6C /* Sources */,
				2FA780452E69B6DC00285C6C /* Frameworks */,
				2FA780462E69B6DC00285C6C /* Resources */,
			);
			buildRules = (
			);
			dependencies = (
				2FA7804A2E69B6DC00285C6C /* PBXTargetDependency */,
			);
			name = similarwordUITests;
			productName = similarwordUITests;
			productReference = 2FA780482E69B6DC00285C6C /* similarwordUITests.xctest */;
			productType = "com.apple.product-type.bundle.ui-testing";
		};
/* End PBXNativeTarget section */

/* Begin PBXProject section */
		2FA780262E69B6DA00285C6C /* Project object */ = {
			isa = PBXProject;
			attributes = {
				BuildIndependentTargetsInParallel = 1;
				LastSwiftUpdateCheck = 1340;
				LastUpgradeCheck = 1340;
				TargetAttributes = {
					2FA7802D2E69B6DA00285C6C = {
						CreatedOnToolsVersion = 13.4;
					};
					2FA7803D2E69B6DC00285C6C = {
						CreatedOnToolsVersion = 13.4;
						TestTargetID = 2FA7802D2E69B6DA00285C6C;
					};
					2FA780472E69B6DC00285C6C = {
						CreatedOnToolsVersion = 13.4;
						TestTargetID = 2FA7802D2E69B6DA00285C6C;
					};
				};
			};
			buildConfigurationList = 2FA780292E69B6DA00285C6C /* Build configuration list for PBXProject "similarword" */;
			compatibilityVersion = "Xcode 13.0";
			developmentRegion = en;
			hasScannedForEncodings = 0;
			knownRegions = (
				en,
				Base,
			);
			mainGroup = 2FA780252E69B6DA00285C6C;
			productRefGroup = 2FA7802F2E69B6DA00285C6C /* Products */;
			projectDirPath = "";
			projectRoot = "";
			targets = (
				2FA7802D2E69B6DA00285C6C /* similarword */,
				2FA7803D2E69B6DC00285C6C /* similarwordTests */,
				2FA780472E69B6DC00285C6C /* similarwordUITests */,
			);
		};
/* End PBXProject section */

/* Begin PBXResourcesBuildPhase section */
		2FA7802C2E69B6DA00285C6C /* Resources */ = {
			isa = PBXResourcesBuildPhase;
			buildActionMask = 2147483647;
			files = (
				2FA780392E69B6DC00285C6C /* Preview Assets.xcassets in Resources */,
				2FA7805C2E69B72B00285C6C /* ch.bin in Resources */,
				2FA7805E2E69B74700285C6C /* speech in Resources */,
				2FA780362E69B6DC00285C6C /* Assets.xcassets in Resources */,
			);
			runOnlyForDeploymentPostprocessing = 0;
		};
		2FA7803C2E69B6DC00285C6C /* Resources */ = {
			isa = PBXResourcesBuildPhase;
			buildActionMask = 2147483647;
			files = (
			);
			runOnlyForDeploymentPostprocessing = 0;
		};
		2FA780462E69B6DC00285C6C /* Resources */ = {
			isa = PBXResourcesBuildPhase;
			buildActionMask = 2147483647;
			files = (
			);
			runOnlyForDeploymentPostprocessing = 0;
		};
/* End PBXResourcesBuildPhase section */

/* Begin PBXSourcesBuildPhase section */
		2FA7802A2E69B6DA00285C6C /* Sources */ = {
			isa = PBXSourcesBuildPhase;
			buildActionMask = 2147483647;
			files = (
				2FA780342E69B6DA00285C6C /* ContentView.swift in Sources */,
				2FA780322E69B6DA00285C6C /* similarwordApp.swift in Sources */,
			);
			runOnlyForDeploymentPostprocessing = 0;
		};
		2FA7803A2E69B6DC00285C6C /* Sources */ = {
			isa = PBXSourcesBuildPhase;
			buildActionMask = 2147483647;
			files = (
				2FA780432E69B6DC00285C6C /* similarwordTests.swift in Sources */,
			);
			runOnlyForDeploymentPostprocessing = 0;
		};
		2FA780442E69B6DC00285C6C /* Sources */ = {
			isa = PBXSourcesBuildPhase;
			buildActionMask = 2147483647;
			files = (
				2FA7804F2E69B6DC00285C6C /* similarwordUITestsLaunchTests.swift in Sources */,
				2FA7804D2E69B6DC00285C6C /* similarwordUITests.swift in Sources */,
			);
			runOnlyForDeploymentPostprocessing = 0;
		};
/* End PBXSourcesBuildPhase section */

/* Begin PBXTargetDependency section */
		2FA780402E69B6DC00285C6C /* PBXTargetDependency */ = {
			isa = PBXTargetDependency;
			target = 2FA7802D2E69B6DA00285C6C /* similarword */;
			targetProxy = 2FA7803F2E69B6DC00285C6C /* PBXContainerItemProxy */;
		};
		2FA7804A2E69B6DC00285C6C /* PBXTargetDependency */ = {
			isa = PBXTargetDependency;
			target = 2FA7802D2E69B6DA00285C6C /* similarword */;
			targetProxy = 2FA780492E69B6DC00285C6C /* PBXContainerItemProxy */;
		};
/* End PBXTargetDependency section */

/* Begin XCBuildConfiguration section */
		2FA780502E69B6DC00285C6C /* Debug */ = {
			isa = XCBuildConfiguration;
			buildSettings = {
				ALWAYS_SEARCH_USER_PATHS = NO;
				CLANG_ANALYZER_NONNULL = YES;
				CLANG_ANALYZER_NUMBER_OBJECT_CONVERSION = YES_AGGRESSIVE;
				CLANG_CXX_LANGUAGE_STANDARD = "gnu++17";
				CLANG_ENABLE_MODULES = YES;
				CLANG_ENABLE_OBJC_ARC = YES;
				CLANG_ENABLE_OBJC_WEAK = YES;
				CLANG_WARN_BLOCK_CAPTURE_AUTORELEASING = YES;
				CLANG_WARN_BOOL_CONVERSION = YES;
				CLANG_WARN_COMMA = YES;
				CLANG_WARN_CONSTANT_CONVERSION = YES;
				CLANG_WARN_DEPRECATED_OBJC_IMPLEMENTATIONS = YES;
				CLANG_WARN_DIRECT_OBJC_ISA_USAGE = YES_ERROR;
				CLANG_WARN_DOCUMENTATION_COMMENTS = YES;
				CLANG_WARN_EMPTY_BODY = YES;
				CLANG_WARN_ENUM_CONVERSION = YES;
				CLANG_WARN_INFINITE_RECURSION = YES;
				CLANG_WARN_INT_CONVERSION = YES;
				CLANG_WARN_NON_LITERAL_NULL_CONVERSION = YES;
				CLANG_WARN_OBJC_IMPLICIT_RETAIN_SELF = YES;
				CLANG_WARN_OBJC_LITERAL_CONVERSION = YES;
				CLANG_WARN_OBJC_ROOT_CLASS = YES_ERROR;
				CLANG_WARN_QUOTED_INCLUDE_IN_FRAMEWORK_HEADER = YES;
				CLANG_WARN_RANGE_LOOP_ANALYSIS = YES;
				CLANG_WARN_STRICT_PROTOTYPES = YES;
				CLANG_WARN_SUSPICIOUS_MOVE = YES;
				CLANG_WARN_UNGUARDED_AVAILABILITY = YES_AGGRESSIVE;
				CLANG_WARN_UNREACHABLE_CODE = YES;
				CLANG_WARN__DUPLICATE_METHOD_MATCH = YES;
				COPY_PHASE_STRIP = NO;
				DEBUG_INFORMATION_FORMAT = dwarf;
				ENABLE_STRICT_OBJC_MSGSEND = YES;
				ENABLE_TESTABILITY = YES;
				GCC_C_LANGUAGE_STANDARD = gnu11;
				GCC_DYNAMIC_NO_PIC = NO;
				GCC_NO_COMMON_BLOCKS = YES;
				GCC_OPTIMIZATION_LEVEL = 0;
				GCC_PREPROCESSOR_DEFINITIONS = (
					"DEBUG=1",
					"$(inherited)",
				);
				GCC_WARN_64_TO_32_BIT_CONVERSION = YES;
				GCC_WARN_ABOUT_RETURN_TYPE = YES_ERROR;
				GCC_WARN_UNDECLARED_SELECTOR = YES;
				GCC_WARN_UNINITIALIZED_AUTOS = YES_AGGRESSIVE;
				GCC_WARN_UNUSED_FUNCTION = YES;
				GCC_WARN_UNUSED_VARIABLE = YES;
				IPHONEOS_DEPLOYMENT_TARGET = 15.5;
				MTL_ENABLE_DEBUG_INFO = INCLUDE_SOURCE;
				MTL_FAST_MATH = YES;
				ONLY_ACTIVE_ARCH = YES;
				SDKROOT = iphoneos;
				SWIFT_ACTIVE_COMPILATION_CONDITIONS = DEBUG;
				SWIFT_OPTIMIZATION_LEVEL = "-Onone";
			};
			name = Debug;
		};
		2FA780512E69B6DC00285C6C /* Release */ = {
			isa = XCBuildConfiguration;
			buildSettings = {
				ALWAYS_SEARCH_USER_PATHS = NO;
				CLANG_ANALYZER_NONNULL = YES;
				CLANG_ANALYZER_NUMBER_OBJECT_CONVERSION = YES_AGGRESSIVE;
				CLANG_CXX_LANGUAGE_STANDARD = "gnu++17";
				CLANG_ENABLE_MODULES = YES;
				CLANG_ENABLE_OBJC_ARC = YES;
				CLANG_ENABLE_OBJC_WEAK = YES;
				CLANG_WARN_BLOCK_CAPTURE_AUTORELEASING = YES;
				CLANG_WARN_BOOL_CONVERSION = YES;
				CLANG_WARN_COMMA = YES;
				CLANG_WARN_CONSTANT_CONVERSION = YES;
				CLANG_WARN_DEPRECATED_OBJC_IMPLEMENTATIONS = YES;
				CLANG_WARN_DIRECT_OBJC_ISA_USAGE = YES_ERROR;
				CLANG_WARN_DOCUMENTATION_COMMENTS = YES;
				CLANG_WARN_EMPTY_BODY = YES;
				CLANG_WARN_ENUM_CONVERSION = YES;
				CLANG_WARN_INFINITE_RECURSION = YES;
				CLANG_WARN_INT_CONVERSION = YES;
				CLANG_WARN_NON_LITERAL_NULL_CONVERSION = YES;
				CLANG_WARN_OBJC_IMPLICIT_RETAIN_SELF = YES;
				CLANG_WARN_OBJC_LITERAL_CONVERSION = YES;
				CLANG_WARN_OBJC_ROOT_CLASS = YES_ERROR;
				CLANG_WARN_QUOTED_INCLUDE_IN_FRAMEWORK_HEADER = YES;
				CLANG_WARN_RANGE_LOOP_ANALYSIS = YES;
				CLANG_WARN_STRICT_PROTOTYPES = YES;
				CLANG_WARN_SUSPICIOUS_MOVE = YES;
				CLANG_WARN_UNGUARDED_AVAILABILITY = YES_AGGRESSIVE;
				CLANG_WARN_UNREACHABLE_CODE = YES;
				CLANG_WARN__DUPLICATE_METHOD_MATCH = YES;
				COPY_PHASE_STRIP = NO;
				DEBUG_INFORMATION_FORMAT = "dwarf-with-dsym";
				ENABLE_NS_ASSERTIONS = NO;
				ENABLE_STRICT_OBJC_MSGSEND = YES;
				GCC_C_LANGUAGE_STANDARD = gnu11;
				GCC_NO_COMMON_BLOCKS = YES;
				GCC_WARN_64_TO_32_BIT_CONVERSION = YES;
				GCC_WARN_ABOUT_RETURN_TYPE = YES_ERROR;
				GCC_WARN_UNDECLARED_SELECTOR = YES;
				GCC_WARN_UNINITIALIZED_AUTOS = YES_AGGRESSIVE;
				GCC_WARN_UNUSED_FUNCTION = YES;
				GCC_WARN_UNUSED_VARIABLE = YES;
				IPHONEOS_DEPLOYMENT_TARGET = 15.5;
				MTL_ENABLE_DEBUG_INFO = NO;
				MTL_FAST_MATH = YES;
				SDKROOT = iphoneos;
				SWIFT_COMPILATION_MODE = wholemodule;
				SWIFT_OPTIMIZATION_LEVEL = "-O";
				VALIDATE_PRODUCT = YES;
			};
			name = Release;
		};
		2FA780532E69B6DC00285C6C /* Debug */ = {
			isa = XCBuildConfiguration;
			buildSettings = {
				ASSETCATALOG_COMPILER_APPICON_NAME = AppIcon;
				ASSETCATALOG_COMPILER_GLOBAL_ACCENT_COLOR_NAME = AccentColor;
				CODE_SIGN_STYLE = Automatic;
				CURRENT_PROJECT_VERSION = 1;
				DEVELOPMENT_ASSET_PATHS = "\"similarword/Preview Content\"";
				DEVELOPMENT_TEAM = LKQJJ9WRQ8;
				ENABLE_PREVIEWS = YES;
				GENERATE_INFOPLIST_FILE = YES;
				INFOPLIST_KEY_UIApplicationSceneManifest_Generation = YES;
				INFOPLIST_KEY_UIApplicationSupportsIndirectInputEvents = YES;
				INFOPLIST_KEY_UILaunchScreen_Generation = YES;
				INFOPLIST_KEY_UISupportedInterfaceOrientations_iPad = "UIInterfaceOrientationPortrait UIInterfaceOrientationPortraitUpsideDown UIInterfaceOrientationLandscapeLeft UIInterfaceOrientationLandscapeRight";
				INFOPLIST_KEY_UISupportedInterfaceOrientations_iPhone = "UIInterfaceOrientationPortrait UIInterfaceOrientationLandscapeLeft UIInterfaceOrientationLandscapeRight";
				LD_RUNPATH_SEARCH_PATHS = (
					"$(inherited)",
					"@executable_path/Frameworks",
				);
				MARKETING_VERSION = 1.0;
				PRODUCT_BUNDLE_IDENTIFIER = Alice.similar.words.p.similarword;
				PRODUCT_NAME = "$(TARGET_NAME)";
				SWIFT_EMIT_LOC_STRINGS = YES;
				SWIFT_VERSION = 5.0;
				TARGETED_DEVICE_FAMILY = "1,2";
			};
			name = Debug;
		};
		2FA780542E69B6DC00285C6C /* Release */ = {
			isa = XCBuildConfiguration;
			buildSettings = {
				ASSETCATALOG_COMPILER_APPICON_NAME = AppIcon;
				ASSETCATALOG_COMPILER_GLOBAL_ACCENT_COLOR_NAME = AccentColor;
				CODE_SIGN_STYLE = Automatic;
				CURRENT_PROJECT_VERSION = 1;
				DEVELOPMENT_ASSET_PATHS = "\"similarword/Preview Content\"";
				DEVELOPMENT_TEAM = LKQJJ9WRQ8;
				ENABLE_PREVIEWS = YES;
				GENERATE_INFOPLIST_FILE = YES;
				INFOPLIST_KEY_UIApplicationSceneManifest_Generation = YES;
				INFOPLIST_KEY_UIApplicationSupportsIndirectInputEvents = YES;
				INFOPLIST_KEY_UILaunchScreen_Generation = YES;
				INFOPLIST_KEY_UISupportedInterfaceOrientations_iPad = "UIInterfaceOrientationPortrait UIInterfaceOrientationPortraitUpsideDown UIInterfaceOrientationLandscapeLeft UIInterfaceOrientationLandscapeRight";
				INFOPLIST_KEY_UISupportedInterfaceOrientations_iPhone = "UIInterfaceOrientationPortrait UIInterfaceOrientationLandscapeLeft UIInterfaceOrientationLandscapeRight";
				LD_RUNPATH_SEARCH_PATHS = (
					"$(inherited)",
					"@executable_path/Frameworks",
				);
				MARKETING_VERSION = 1.0;
				PRODUCT_BUNDLE_IDENTIFIER = Alice.similar.words.p.similarword;
				PRODUCT_NAME = "$(TARGET_NAME)";
				SWIFT_EMIT_LOC_STRINGS = YES;
				SWIFT_VERSION = 5.0;
				TARGETED_DEVICE_FAMILY = "1,2";
			};
			name = Release;
		};
		2FA780562E69B6DC00285C6C /* Debug */ = {
			isa = XCBuildConfiguration;
			buildSettings = {
				ALWAYS_EMBED_SWIFT_STANDARD_LIBRARIES = YES;
				BUNDLE_LOADER = "$(TEST_HOST)";
				CODE_SIGN_STYLE = Automatic;
				CURRENT_PROJECT_VERSION = 1;
				DEVELOPMENT_TEAM = LKQJJ9WRQ8;
				GENERATE_INFOPLIST_FILE = YES;
				IPHONEOS_DEPLOYMENT_TARGET = 15.5;
				MARKETING_VERSION = 1.0;
				PRODUCT_BUNDLE_IDENTIFIER = Alice.similar.words.p.similarwordTests;
				PRODUCT_NAME = "$(TARGET_NAME)";
				SWIFT_EMIT_LOC_STRINGS = NO;
				SWIFT_VERSION = 5.0;
				TARGETED_DEVICE_FAMILY = "1,2";
				TEST_HOST = "$(BUILT_PRODUCTS_DIR)/similarword.app/similarword";
			};
			name = Debug;
		};
		2FA780572E69B6DC00285C6C /* Release */ = {
			isa = XCBuildConfiguration;
			buildSettings = {
				ALWAYS_EMBED_SWIFT_STANDARD_LIBRARIES = YES;
				BUNDLE_LOADER = "$(TEST_HOST)";
				CODE_SIGN_STYLE = Automatic;
				CURRENT_PROJECT_VERSION = 1;
				DEVELOPMENT_TEAM = LKQJJ9WRQ8;
				GENERATE_INFOPLIST_FILE = YES;
				IPHONEOS_DEPLOYMENT_TARGET = 15.5;
				MARKETING_VERSION = 1.0;
				PRODUCT_BUNDLE_IDENTIFIER = Alice.similar.words.p.similarwordTests;
				PRODUCT_NAME = "$(TARGET_NAME)";
				SWIFT_EMIT_LOC_STRINGS = NO;
				SWIFT_VERSION = 5.0;
				TARGETED_DEVICE_FAMILY = "1,2";
				TEST_HOST = "$(BUILT_PRODUCTS_DIR)/similarword.app/similarword";
			};
			name = Release;
		};
		2FA780592E69B6DC00285C6C /* Debug */ = {
			isa = XCBuildConfiguration;
			buildSettings = {
				ALWAYS_EMBED_SWIFT_STANDARD_LIBRARIES = YES;
				CODE_SIGN_STYLE = Automatic;
				CURRENT_PROJECT_VERSION = 1;
				DEVELOPMENT_TEAM = LKQJJ9WRQ8;
				GENERATE_INFOPLIST_FILE = YES;
				MARKETING_VERSION = 1.0;
				PRODUCT_BUNDLE_IDENTIFIER = Alice.similar.words.p.similarwordUITests;
				PRODUCT_NAME = "$(TARGET_NAME)";
				SWIFT_EMIT_LOC_STRINGS = NO;
				SWIFT_VERSION = 5.0;
				TARGETED_DEVICE_FAMILY = "1,2";
				TEST_TARGET_NAME = similarword;
			};
			name = Debug;
		};
		2FA7805A2E69B6DC00285C6C /* Release */ = {
			isa = XCBuildConfiguration;
			buildSettings = {
				ALWAYS_EMBED_SWIFT_STANDARD_LIBRARIES = YES;
				CODE_SIGN_STYLE = Automatic;
				CURRENT_PROJECT_VERSION = 1;
				DEVELOPMENT_TEAM = LKQJJ9WRQ8;
				GENERATE_INFOPLIST_FILE = YES;
				MARKETING_VERSION = 1.0;
				PRODUCT_BUNDLE_IDENTIFIER = Alice.similar.words.p.similarwordUITests;
				PRODUCT_NAME = "$(TARGET_NAME)";
				SWIFT_EMIT_LOC_STRINGS = NO;
				SWIFT_VERSION = 5.0;
				TARGETED_DEVICE_FAMILY = "1,2";
				TEST_TARGET_NAME = similarword;
			};
			name = Release;
		};
/* End XCBuildConfiguration section */

/* Begin XCConfigurationList section */
		2FA780292E69B6DA00285C6C /* Build configuration list for PBXProject "similarword" */ = {
			isa = XCConfigurationList;
			buildConfigurations = (
				2FA780502E69B6DC00285C6C /* Debug */,
				2FA780512E69B6DC00285C6C /* Release */,
			);
			defaultConfigurationIsVisible = 0;
			defaultConfigurationName = Release;
		};
		2FA780522E69B6DC00285C6C /* Build configuration list for PBXNativeTarget "similarword" */ = {
			isa = XCConfigurationList;
			buildConfigurations = (
				2FA780532E69B6DC00285C6C /* Debug */,
				2FA780542E69B6DC00285C6C /* Release */,
			);
			defaultConfigurationIsVisible = 0;
			defaultConfigurationName = Release;
		};
		2FA780552E69B6DC00285C6C /* Build configuration list for PBXNativeTarget "similarwordTests" */ = {
			isa = XCConfigurationList;
			buildConfigurations = (
				2FA780562E69B6DC00285C6C /* Debug */,
				2FA780572E69B6DC00285C6C /* Release */,
			);
			defaultConfigurationIsVisible = 0;
			defaultConfigurationName = Release;
		};
		2FA780582E69B6DC00285C6C /* Build configuration list for PBXNativeTarget "similarwordUITests" */ = {
			isa = XCConfigurationList;
			buildConfigurations = (
				2FA780592E69B6DC00285C6C /* Debug */,
				2FA7805A2E69B6DC00285C6C /* Release */,
			);
			defaultConfigurationIsVisible = 0;
			defaultConfigurationName = Release;
		};
/* End XCConfigurationList section */
	};
	rootObject = 2FA780262E69B6DA00285C6C /* Project object */;
}
